
Microsoft Visual Studio Solution File, Format Version 12.00
# Visual Studio Version 17
VisualStudioVersion = 17.7.34031.279
MinimumVisualStudioVersion = 10.0.40219.1
Project("{9A19103F-16F7-4668-BE54-9A1E7A4F7556}") = "TestAPI", "TestAPI.csproj", "{CA5BF358-EA2B-4A13-A9EB-D86BF5FD5D14}"
EndProject
Project("{9A19103F-16F7-4668-BE54-9A1E7A4F7556}") = "TestAPI.Tests", "..\TestAPI.Tests\TestAPI.Tests.csproj", "{7C8548F2-56AC-4EE5-B13D-FD4B614E1A6B}"
EndProject
Global
	GlobalSection(SolutionConfigurationPlatforms) = preSolution
		Debug|Any CPU = Debug|Any CPU
		Release|Any CPU = Release|Any CPU
	EndGlobalSection
	GlobalSection(ProjectConfigurationPlatforms) = postSolution
		{CA5BF358-EA2B-4A13-A9EB-D86BF5FD5D14}.Debug|Any CPU.ActiveCfg = Debug|Any CPU
		{CA5BF358-EA2B-4A13-A9EB-D86BF5FD5D14}.Debug|Any CPU.Build.0 = Debug|Any CPU
		{CA5BF358-EA2B-4A13-A9EB-D86BF5FD5D14}.Release|Any CPU.ActiveCfg = Release|Any CPU
		{CA5BF358-EA2B-4A13-A9EB-D86BF5FD5D14}.Release|Any CPU.Build.0 = Release|Any CPU
		{7C8548F2-56AC-4EE5-B13D-FD4B614E1A6B}.Debug|Any CPU.ActiveCfg = Debug|Any CPU
		{7C8548F2-56AC-4EE5-B13D-FD4B614E1A6B}.Debug|Any CPU.Build.0 = Debug|Any CPU
		{7C8548F2-56AC-4EE5-B13D-FD4B614E1A6B}.Release|Any CPU.ActiveCfg = Release|Any CPU
		{7C8548F2-56AC-4EE5-B13D-FD4B614E1A6B}.Release|Any CPU.Build.0 = Release|Any CPU
	EndGlobalSection
	GlobalSection(SolutionProperties) = preSolution
		HideSolutionNode = FALSE
	EndGlobalSection
	GlobalSection(ExtensibilityGlobals) = postSolution
		SolutionGuid = {20799D7F-0C7F-41C7-9542-A433E155567C}
	EndGlobalSection
EndGlobal
